
Microsoft Visual Studio Solution File, Format Version 12.00
# Visual Studio Version 17
VisualStudioVersion = 17.2.32602.215
MinimumVisualStudioVersion = 10.0.40219.1
Project("{FAE04EC0-301F-11D3-BF4B-00C04F79EFBC}") = "Exer_Menu_simples", "Exer_Menu_simples\Exer_Menu_simples.csproj", "{EC41FA7E-76EB-47E6-8326-A70E0D4E813C}"
EndProject
Global
	GlobalSection(SolutionConfigurationPlatforms) = preSolution
		Debug|Any CPU = Debug|Any CPU
		Release|Any CPU = Release|Any CPU
	EndGlobalSection
	GlobalSection(ProjectConfigurationPlatforms) = postSolution
		{EC41FA7E-76EB-47E6-8326-A70E0D4E813C}.Debug|Any CPU.ActiveCfg = Debug|Any CPU
		{EC41FA7E-76EB-47E6-8326-A70E0D4E813C}.Debug|Any CPU.Build.0 = Debug|Any CPU
		{EC41FA7E-76EB-47E6-8326-A70E0D4E813C}.Release|Any CPU.ActiveCfg = Release|Any CPU
		{EC41FA7E-76EB-47E6-8326-A70E0D4E813C}.Release|Any CPU.Build.0 = Release|Any CPU
	EndGlobalSection
	GlobalSection(SolutionProperties) = preSolution
		HideSolutionNode = FALSE
	EndGlobalSection
	GlobalSection(ExtensibilityGlobals) = postSolution
		SolutionGuid = {37092D2B-417E-4CD7-878D-CD9760C68C91}
	EndGlobalSection
EndGlobal
